<Solution>
  <Folder Name="/src/">
    <Project Path="src/EternalfestDesktop.Application/EternalfestDesktop.Application.csproj" />
    <Project Path="src/EternalfestDesktop.Cli/EternalfestDesktop.Cli.csproj" />
    <Project Path="src/EternalfestDesktop.Domain/EternalfestDesktop.Domain.csproj" />
    <Project Path="src/EternalfestDesktop.Infrastructure/EternalfestDesktop.Infrastructure.csproj" />
  </Folder>
  <Folder Name="/tests/">
    <Project Path="tests/EternalfestDesktop.Tests/EternalfestDesktop.Tests.csproj" />
  </Folder>
</Solution>
